
Microsoft Visual Studio Solution File, Format Version 12.00
# Visual Studio Version 16
VisualStudioVersion = 16.0.33027.164
MinimumVisualStudioVersion = 10.0.40219.1
Project("{FAE04EC0-301F-11D3-BF4B-00C04F79EFBC}") = "Compuerat XOR", "Compuerat XOR\Compuerat XOR.csproj", "{17243C1D-C34E-4C17-8961-89162DE8BB52}"
EndProject
Global
	GlobalSection(SolutionConfigurationPlatforms) = preSolution
		Debug|Any CPU = Debug|Any CPU
		Release|Any CPU = Release|Any CPU
	EndGlobalSection
	GlobalSection(ProjectConfigurationPlatforms) = postSolution
		{17243C1D-C34E-4C17-8961-89162DE8BB52}.Debug|Any CPU.ActiveCfg = Debug|Any CPU
		{17243C1D-C34E-4C17-8961-89162DE8BB52}.Debug|Any CPU.Build.0 = Debug|Any CPU
		{17243C1D-C34E-4C17-8961-89162DE8BB52}.Release|Any CPU.ActiveCfg = Release|Any CPU
		{17243C1D-C34E-4C17-8961-89162DE8BB52}.Release|Any CPU.Build.0 = Release|Any CPU
	EndGlobalSection
	GlobalSection(SolutionProperties) = preSolution
		HideSolutionNode = FALSE
	EndGlobalSection
	GlobalSection(ExtensibilityGlobals) = postSolution
		SolutionGuid = {23EA0629-B025-428A-A2DC-8DF8A0C16C52}
	EndGlobalSection
EndGlobal
